{
  "nodes": {
    "buzz-src": {
      "flake": false,
      "locked": {
        "lastModified": 1787239899,
        "narHash": "sha256-JCz6Tbld/gGNzuYSrXeAXwubBwTKCdkjacHSBPrQsNg=",
        "owner": "block",
        "repo": "buzz",
        "rev": "e5d1dfef7bf24ad527c9c8c1785b613abad574f7",
        "type": "github"
      },
      "original": {
        "owner": "block",
        "repo": "buzz",
        "rev": "e5d1dfef7bf24ad527c9c8c1785b613abad574f7",
        "type": "github"
      }
    },
    "nixpkgs": {
      "locked": {
        "lastModified": 1787101114,
        "narHash": "sha256-gwrPcFf/rDjHPaVflbDZ040ZDmBTRj/7+s8ZmE2SaIM=",
        "owner": "NixOS",
        "repo": "nixpkgs",
        "rev": "b18a4b905f8d028dc4476412e6d6891728695379",
        "type": "github"
      },
      "original": {
        "owner": "NixOS",
        "ref": "nixos-26.05",
        "repo": "nixpkgs",
        "type": "github"
      }
    },
    "root": {
      "inputs": {
        "buzz-src": "buzz-src",
        "nixpkgs": "nixpkgs"
      }
    }
  },
  "root": "root",
  "version": 7
}
